// !$*UTF8*$!
{
	archiveVersion = 1;
	classes = {
	};
	objectVersion = 50;
	objects = {

/* Begin PBXBuildFile section */
		11E613B5246EB97D006C99DF /* AppDelegate.swift in Sources */ = {isa = PBXBuildFile; fileRef = 11E613B4246EB97D006C99DF /* AppDelegate.swift */; };
		11E613B7246EB97D006C99DF /* SceneDelegate.swift in Sources */ = {isa = PBXBuildFile; fileRef = 11E613B6246EB97D006C99DF /* SceneDelegate.swift */; };
		11E613B9246EB97D006C99DF /* ViewController.swift in Sources */ = {isa = PBXBuildFile; fileRef = 11E613B8246EB97D006C99DF /* ViewController.swift */; };
		11E613BC246EB97D006C99DF /* Main.storyboard in Resources */ = {isa = PBXBuildFile; fileRef = 11E613BA246EB97D006C99DF /* Main.storyboard */; };
		11E613BE246EB980006C99DF /* Assets.xcassets in Resources */ = {isa = PBXBuildFile; fileRef = 11E613BD246EB980006C99DF /* Assets.xcassets */; };
		11E613C1246EB980006C99DF /* LaunchScreen.storyboard in Resources */ = {isa = PBXBuildFile; fileRef = 11E613BF246EB980006C99DF /* LaunchScreen.storyboard */; };
/* End PBXBuildFile section */

/* Begin PBXFileReference section */
		11E613B1246EB97D006C99DF /* UIViewWithTransparentHole.app */ = {isa = PBXFileReference; explicitFileType = wrapper.application; includeInIndex = 0; path = UIViewWithTransparentHole.app; sourceTree = BUILT_PRODUCTS_DIR; };
		11E613B4246EB97D006C99DF /* AppDelegate.swift */ = {isa = PBXFileReference; lastKnownFileType = sourcecode.swift; path = AppDelegate.swift; sourceTree = "<group>"; };
		11E613B6246EB97D006C99DF /* SceneDelegate.swift */ = {isa = PBXFileReference; lastKnownFileType = sourcecode.swift; path = SceneDelegate.swift; sourceTree = "<group>"; };
		11E613B8246EB97D006C99DF /* ViewController.swift */ = {isa = PBXFileReference; lastKnownFileType = sourcecode.swift; path = ViewController.swift; sourceTree = "<group>"; };
		11E613BB246EB97D006C99DF /* Base */ = {isa = PBXFileReference; lastKnownFileType = file.storyboard; name = Base; path = Base.lproj/Main.storyboard; sourceTree = "<group>"; };
		11E613BD246EB980006C99DF /* Assets.xcassets */ = {isa = PBXFileReference; lastKnownFileType = folder.assetcatalog; path = Assets.xcassets; sourceTree = "<group>"; };
		11E613C0246EB980006C99DF /* Base */ = {isa = PBXFileReference; lastKnownFileType = file.storyboard; name = Base; path = Base.lproj/LaunchScreen.storyboard; sourceTree = "<group>"; };
		11E613C2246EB980006C99DF /* Info.plist */ = {isa = PBXFileReference; lastKnownFileType = text.plist.xml; path = Info.plist; sourceTree = "<group>"; };
/* End PBXFileReference section */

/* Begin PBXFrameworksBuildPhase section */
		11E613AE246EB97D006C99DF /* Frameworks */ = {
			isa = PBXFrameworksBuildPhase;
			buildActionMask = 2147483647;
			files = (
			);
			runOnlyForDeploymentPostprocessing = 0;
		};
/* End PBXFrameworksBuildPhase section */

/* Begin PBXGroup section */
		11E613A8246EB97D006C99DF = {
			isa = PBXGroup;
			children = (
				11E613B3246EB97D006C99DF /* UIViewWithTransparentHole */,
				11E613B2246EB97D006C99DF /* Products */,
			);
			sourceTree = "<group>";
		};
		11E613B2246EB97D006C99DF /* Products */ = {
			isa = PBXGroup;
			children = (
				11E613B1246EB97D006C99DF /* UIViewWithTransparentHole.app */,
			);
			name = Products;
			sourceTree = "<group>";
		};
		11E613B3246EB97D006C99DF /* UIViewWithTransparentHole */ = {
			isa = PBXGroup;
			children = (
				11E613B4246EB97D006C99DF /* AppDelegate.swift */,
				11E613B6246EB97D006C99DF /* SceneDelegate.swift */,
				11E613B8246EB97D006C99DF /* ViewController.swift */,
				11E613BA246EB97D006C99DF /* Main.storyboard */,
				11E613BD246EB980006C99DF /* Assets.xcassets */,
				11E613BF246EB980006C99DF /* LaunchScreen.storyboard */,
				11E613C2246EB980006C99DF /* Info.plist */,
			);
			path = UIViewWithTransparentHole;
			sourceTree = "<group>";
		};
/* End PBXGroup section */

/* Begin PBXNativeTarget section */
		11E613B0246EB97D006C99DF /* UIViewWithTransparentHole */ = {
			isa = PBXNativeTarget;
			buildConfigurationList = 11E613C5246EB980006C99DF /* Build configuration list for PBXNativeTarget "UIViewWithTransparentHole" */;
			buildPhases = (
				11E613AD246EB97D006C99DF /* Sources */,
				11E613AE246EB97D006C99DF /* Frameworks */,
				11E613AF246EB97D006C99DF /* Resources */,
			);
			buildRules = (
			);
			dependencies = (
			);
			name = UIViewWithTransparentHole;
			productName = UIViewWithTransparentHole;
			productReference = 11E613B1246EB97D006C99DF /* UIViewWithTransparentHole.app */;
			productType = "com.apple.product-type.application";
		};
/* End PBXNativeTarget section */

/* Begin PBXProject section */
		11E613A9246EB97D006C99DF /* Project object */ = {
			isa = PBXProject;
			attributes = {
				LastSwiftUpdateCheck = 1140;
				LastUpgradeCheck = 1140;
				ORGANIZATIONNAME = "Lawrence F MacFadyen";
				TargetAttributes = {
					11E613B0246EB97D006C99DF = {
						CreatedOnToolsVersion = 11.4.1;
					};
				};
			};
			buildConfigurationList = 11E613AC246EB97D006C99DF /* Build configuration list for PBXProject "UIViewWithTransparentHole" */;
			compatibilityVersion = "Xcode 9.3";
			developmentRegion = en;
			hasScannedForEncodings = 0;
			knownRegions = (
				en,
				Base,
			);
			mainGroup = 11E613A8246EB97D006C99DF;
			productRefGroup = 11E613B2246EB97D006C99DF /* Products */;
			projectDirPath = "";
			projectRoot = "";
			targets = (
				11E613B0246EB97D006C99DF /* UIViewWithTransparentHole */,
			);
		};
/* End PBXProject section */

/* Begin PBXResourcesBuildPhase section */
		11E613AF246EB97D006C99DF /* Resources */ = {
			isa = PBXResourcesBuildPhase;
			buildActionMask = 2147483647;
			files = (
				11E613C1246EB980006C99DF /* LaunchScreen.storyboard in Resources */,
				11E613BE246EB980006C99DF /* Assets.xcassets in Resources */,
				11E613BC246EB97D006C99DF /* Main.storyboard in Resources */,
			);
			runOnlyForDeploymentPostprocessing = 0;
		};
/* End PBXResourcesBuildPhase section */

/* Begin PBXSourcesBuildPhase section */
		11E613AD246EB97D006C99DF /* Sources */ = {
			isa = PBXSourcesBuildPhase;
			buildActionMask = 2147483647;
			files = (
				11E613B9246EB97D006C99DF /* ViewController.swift in Sources */,
				11E613B5246EB97D006C99DF /* AppDelegate.swift in Sources */,
				11E613B7246EB97D006C99DF /* SceneDelegate.swift in Sources */,
			);
			runOnlyForDeploymentPostprocessing = 0;
		};
/* End PBXSourcesBuildPhase section */

/* Begin PBXVariantGroup section */
		11E613BA246EB97D006C99DF /* Main.storyboard */ = {
			isa = PBXVariantGroup;
			children = (
				11E613BB246EB97D006C99DF /* Base */,
			);
			name = Main.storyboard;
			sourceTree = "<group>";
		};
		11E613BF246EB980006C99DF /* LaunchScreen.storyboard */ = {
			isa = PBXVariantGroup;
			children = (
				11E613C0246EB980006C99DF /* Base */,
			);
			name = LaunchScreen.storyboard;
			sourceTree = "<group>";
		};
/* End PBXVariantGroup section */

/* Begin XCBuildConfiguration section */
		11E613C3246EB980006C99DF /* Debug */ = {
			isa = XCBuildConfiguration;
			buildSettings = {
				ALWAYS_SEARCH_USER_PATHS = NO;
				CLANG_ANALYZER_NONNULL = YES;
				CLANG_ANALYZER_NUMBER_OBJECT_CONVERSION = YES_AGGRESSIVE;
				CLANG_CXX_LANGUAGE_STANDARD = "gnu++14";
				CLANG_CXX_LIBRARY = "libc++";
				CLANG_ENABLE_MODULES = YES;
				CLANG_ENABLE_OBJC_ARC = YES;
				CLANG_ENABLE_OBJC_WEAK = YES;
				CLANG_WARN_BLOCK_CAPTURE_AUTORELEASING = YES;
				CLANG_WARN_BOOL_CONVERSION = YES;
				CLANG_WARN_COMMA = YES;
				CLANG_WARN_CONSTANT_CONVERSION = YES;
				CLANG_WARN_DEPRECATED_OBJC_IMPLEMENTATIONS = YES;
				CLANG_WARN_DIRECT_OBJC_ISA_USAGE = YES_ERROR;
				CLANG_WARN_DOCUMENTATION_COMMENTS = YES;
				CLANG_WARN_EMPTY_BODY = YES;
				CLANG_WARN_ENUM_CONVERSION = YES;
				CLANG_WARN_INFINITE_RECURSION = YES;
				CLANG_WARN_INT_CONVERSION = YES;
				CLANG_WARN_NON_LITERAL_NULL_CONVERSION = YES;
				CLANG_WARN_OBJC_IMPLICIT_RETAIN_SELF = YES;
				CLANG_WARN_OBJC_LITERAL_CONVERSION = YES;
				CLANG_WARN_OBJC_ROOT_CLASS = YES_ERROR;
				CLANG_WARN_RANGE_LOOP_ANALYSIS = YES;
				CLANG_WARN_STRICT_PROTOTYPES = YES;
				CLANG_WARN_SUSPICIOUS_MOVE = YES;
				CLANG_WARN_UNGUARDED_AVAILABILITY = YES_AGGRESSIVE;
				CLANG_WARN_UNREACHABLE_CODE = YES;
				CLANG_WARN__DUPLICATE_METHOD_MATCH = YES;
				COPY_PHASE_STRIP = NO;
				DEBUG_INFORMATION_FORMAT = dwarf;
				ENABLE_STRICT_OBJC_MSGSEND = YES;
				ENABLE_TESTABILITY = YES;
				GCC_C_LANGUAGE_STANDARD = gnu11;
				GCC_DYNAMIC_NO_PIC = NO;
				GCC_NO_COMMON_BLOCKS = YES;
				GCC_OPTIMIZATION_LEVEL = 0;
				GCC_PREPROCESSOR_DEFINITIONS = (
					"DEBUG=1",
					"$(inherited)",
				);
				GCC_WARN_64_TO_32_BIT_CONVERSION = YES;
				GCC_WARN_ABOUT_RETURN_TYPE = YES_ERROR;
				GCC_WARN_UNDECLARED_SELECTOR = YES;
				GCC_WARN_UNINITIALIZED_AUTOS = YES_AGGRESSIVE;
				GCC_WARN_UNUSED_FUNCTION = YES;
				GCC_WARN_UNUSED_VARIABLE = YES;
				IPHONEOS_DEPLOYMENT_TARGET = 13.4;
				MTL_ENABLE_DEBUG_INFO = INCLUDE_SOURCE;
				MTL_FAST_MATH = YES;
				ONLY_ACTIVE_ARCH = YES;
				SDKROOT = iphoneos;
				SWIFT_ACTIVE_COMPILATION_CONDITIONS = DEBUG;
				SWIFT_OPTIMIZATION_LEVEL = "-Onone";
			};
			name = Debug;
		};
		11E613C4246EB980006C99DF /* Release */ = {
			isa = XCBuildConfiguration;
			buildSettings = {
				ALWAYS_SEARCH_USER_PATHS = NO;
				CLANG_ANALYZER_NONNULL = YES;
				CLANG_ANALYZER_NUMBER_OBJECT_CONVERSION = YES_AGGRESSIVE;
				CLANG_CXX_LANGUAGE_STANDARD = "gnu++14";
				CLANG_CXX_LIBRARY = "libc++";
				CLANG_ENABLE_MODULES = YES;
				CLANG_ENABLE_OBJC_ARC = YES;
				CLANG_ENABLE_OBJC_WEAK = YES;
				CLANG_WARN_BLOCK_CAPTURE_AUTORELEASING = YES;
				CLANG_WARN_BOOL_CONVERSION = YES;
				CLANG_WARN_COMMA = YES;
				CLANG_WARN_CONSTANT_CONVERSION = YES;
				CLANG_WARN_DEPRECATED_OBJC_IMPLEMENTATIONS = YES;
				CLANG_WARN_DIRECT_OBJC_ISA_USAGE = YES_ERROR;
				CLANG_WARN_DOCUMENTATION_COMMENTS = YES;
				CLANG_WARN_EMPTY_BODY = YES;
				CLANG_WARN_ENUM_CONVERSION = YES;
				CLANG_WARN_INFINITE_RECURSION = YES;
				CLANG_WARN_INT_CONVERSION = YES;
				CLANG_WARN_NON_LITERAL_NULL_CONVERSION = YES;
				CLANG_WARN_OBJC_IMPLICIT_RETAIN_SELF = YES;
				CLANG_WARN_OBJC_LITERAL_CONVERSION = YES;
				CLANG_WARN_OBJC_ROOT_CLASS = YES_ERROR;
				CLANG_WARN_RANGE_LOOP_ANALYSIS = YES;
				CLANG_WARN_STRICT_PROTOTYPES = YES;
				CLANG_WARN_SUSPICIOUS_MOVE = YES;
				CLANG_WARN_UNGUARDED_AVAILABILITY = YES_AGGRESSIVE;
				CLANG_WARN_UNREACHABLE_CODE = YES;
				CLANG_WARN__DUPLICATE_METHOD_MATCH = YES;
				COPY_PHASE_STRIP = NO;
				DEBUG_INFORMATION_FORMAT = "dwarf-with-dsym";
				ENABLE_NS_ASSERTIONS = NO;
				ENABLE_STRICT_OBJC_MSGSEND = YES;
				GCC_C_LANGUAGE_STANDARD = gnu11;
				GCC_NO_COMMON_BLOCKS = YES;
				GCC_WARN_64_TO_32_BIT_CONVERSION = YES;
				GCC_WARN_ABOUT_RETURN_TYPE = YES_ERROR;
				GCC_WARN_UNDECLARED_SELECTOR = YES;
				GCC_WARN_UNINITIALIZED_AUTOS = YES_AGGRESSIVE;
				GCC_WARN_UNUSED_FUNCTION = YES;
				GCC_WARN_UNUSED_VARIABLE = YES;
				IPHONEOS_DEPLOYMENT_TARGET = 13.4;
				MTL_ENABLE_DEBUG_INFO = NO;
				MTL_FAST_MATH = YES;
				SDKROOT = iphoneos;
				SWIFT_COMPILATION_MODE = wholemodule;
				SWIFT_OPTIMIZATION_LEVEL = "-O";
				VALIDATE_PRODUCT = YES;
			};
			name = Release;
		};
		11E613C6246EB980006C99DF /* Debug */ = {
			isa = XCBuildConfiguration;
			buildSettings = {
				ASSETCATALOG_COMPILER_APPICON_NAME = AppIcon;
				CODE_SIGN_STYLE = Automatic;
				DEVELOPMENT_TEAM = T6TG5W96HH;
				INFOPLIST_FILE = UIViewWithTransparentHole/Info.plist;
				IPHONEOS_DEPLOYMENT_TARGET = 13.0;
				LD_RUNPATH_SEARCH_PATHS = (
					"$(inherited)",
					"@executable_path/Frameworks",
				);
				PRODUCT_BUNDLE_IDENTIFIER = com.lawrencem.UIViewWithTransparentHole;
				PRODUCT_NAME = "$(TARGET_NAME)";
				SWIFT_VERSION = 5.0;
				TARGETED_DEVICE_FAMILY = "1,2";
			};
			name = Debug;
		};
		11E613C7246EB980006C99DF /* Release */ = {
			isa = XCBuildConfiguration;
			buildSettings = {
				ASSETCATALOG_COMPILER_APPICON_NAME = AppIcon;
				CODE_SIGN_STYLE = Automatic;
				DEVELOPMENT_TEAM = T6TG5W96HH;
				INFOPLIST_FILE = UIViewWithTransparentHole/Info.plist;
				IPHONEOS_DEPLOYMENT_TARGET = 13.0;
				LD_RUNPATH_SEARCH_PATHS = (
					"$(inherited)",
					"@executable_path/Frameworks",
				);
				PRODUCT_BUNDLE_IDENTIFIER = com.lawrencem.UIViewWithTransparentHole;
				PRODUCT_NAME = "$(TARGET_NAME)";
				SWIFT_VERSION = 5.0;
				TARGETED_DEVICE_FAMILY = "1,2";
			};
			name = Release;
		};
/* End XCBuildConfiguration section */

/* Begin XCConfigurationList section */
		11E613AC246EB97D006C99DF /* Build configuration list for PBXProject "UIViewWithTransparentHole" */ = {
			isa = XCConfigurationList;
			buildConfigurations = (
				11E613C3246EB980006C99DF /* Debug */,
				11E613C4246EB980006C99DF /* Release */,
			);
			defaultConfigurationIsVisible = 0;
			defaultConfigurationName = Release;
		};
		11E613C5246EB980006C99DF /* Build configuration list for PBXNativeTarget "UIViewWithTransparentHole" */ = {
			isa = XCConfigurationList;
			buildConfigurations = (
				11E613C6246EB980006C99DF /* Debug */,
				11E613C7246EB980006C99DF /* Release */,
			);
			defaultConfigurationIsVisible = 0;
			defaultConfigurationName = Release;
		};
/* End XCConfigurationList section */
	};
	rootObject = 11E613A9246EB97D006C99DF /* Project object */;
}
